
Microsoft Visual Studio Solution File, Format Version 12.00
# Visual Studio Version 17
VisualStudioVersion = 17.7.34031.279
MinimumVisualStudioVersion = 10.0.40219.1
Project("{FAE04EC0-301F-11D3-BF4B-00C04F79EFBC}") = "StudentPortal", "StudentPortal\StudentPortal.csproj", "{D6FC52F9-6EA1-4AF4-934A-02FB00FB67F6}"
EndProject
Global
	GlobalSection(SolutionConfigurationPlatforms) = preSolution
		Debug|Any CPU = Debug|Any CPU
		Release|Any CPU = Release|Any CPU
	EndGlobalSection
	GlobalSection(ProjectConfigurationPlatforms) = postSolution
		{D6FC52F9-6EA1-4AF4-934A-02FB00FB67F6}.Debug|Any CPU.ActiveCfg = Debug|Any CPU
		{D6FC52F9-6EA1-4AF4-934A-02FB00FB67F6}.Debug|Any CPU.Build.0 = Debug|Any CPU
		{D6FC52F9-6EA1-4AF4-934A-02FB00FB67F6}.Release|Any CPU.ActiveCfg = Release|Any CPU
		{D6FC52F9-6EA1-4AF4-934A-02FB00FB67F6}.Release|Any CPU.Build.0 = Release|Any CPU
	EndGlobalSection
	GlobalSection(SolutionProperties) = preSolution
		HideSolutionNode = FALSE
	EndGlobalSection
	GlobalSection(ExtensibilityGlobals) = postSolution
		SolutionGuid = {A6B0D50B-FE20-4414-9B61-CF1C349FA5D3}
	EndGlobalSection
EndGlobal
